PODS:
  - ChameleonFramework (2.1.0):
    - ChameleonFramework/Default (= 2.1.0)
  - ChameleonFramework/Default (2.1.0)
  - SwipeCellKit (2.5.0)

DEPENDENCIES:
  - ChameleonFramework
  - SwipeCellKit

SPEC REPOS:
  https://github.com/cocoapods/specs.git:
    - ChameleonFramework
    - SwipeCellKit

SPEC CHECKSUMS:
  ChameleonFramework: d21a3cc247abfe5e37609a283a8238b03575cf64
  SwipeCellKit: d8f2617538ce3021cb0a11d1b93856a06a2f2e20

PODFILE CHECKSUM: 2c39ac3d75d73888ef251ce7d893d33176a1d958

COCOAPODS: 1.5.3
